
Microsoft Visual Studio Solution File, Format Version 12.00
# Visual Studio Version 16
VisualStudioVersion = 16.0.31410.357
MinimumVisualStudioVersion = 10.0.40219.1
Project("{9A19103F-16F7-4668-BE54-9A1E7A4F7556}") = "CSharp", "CSharp\CSharp.csproj", "{C8E748AF-9943-409C-B2E1-3C2C6569FA51}"
EndProject
Project("{9A19103F-16F7-4668-BE54-9A1E7A4F7556}") = "CSharp2", "CSharp2\CSharp2.csproj", "{904F0983-E113-40A9-9C38-39AED07400F2}"
EndProject
Project("{9A19103F-16F7-4668-BE54-9A1E7A4F7556}") = "CSharp3", "CSharp3\CSharp3.csproj", "{B4FABC8F-FCEA-44C3-B62E-1C7AD3B01649}"
EndProject
Project("{9A19103F-16F7-4668-BE54-9A1E7A4F7556}") = "CSharp4", "CSharp4\CSharp4.csproj", "{1E7D5BA0-CFBF-4781-9CEC-DAEECDC76260}"
EndProject
Project("{9A19103F-16F7-4668-BE54-9A1E7A4F7556}") = "CSharp5", "CSharp5\CSharp5.csproj", "{55364210-E95C-4E53-B252-487054839007}"
EndProject
Project("{FAE04EC0-301F-11D3-BF4B-00C04F79EFBC}") = "CSharp6", "CSharp6\CSharp6.csproj", "{EF8E6A2C-4519-424C-AADA-1EDFF50FBB30}"
EndProject
Project("{FAE04EC0-301F-11D3-BF4B-00C04F79EFBC}") = "CSharp7", "CSharp7\CSharp7.csproj", "{F25A5CCC-75FA-4708-85C2-6F20C86AA510}"
EndProject
Global
	GlobalSection(SolutionConfigurationPlatforms) = preSolution
		Debug|Any CPU = Debug|Any CPU
		Release|Any CPU = Release|Any CPU
	EndGlobalSection
	GlobalSection(ProjectConfigurationPlatforms) = postSolution
		{C8E748AF-9943-409C-B2E1-3C2C6569FA51}.Debug|Any CPU.ActiveCfg = Debug|Any CPU
		{C8E748AF-9943-409C-B2E1-3C2C6569FA51}.Debug|Any CPU.Build.0 = Debug|Any CPU
		{C8E748AF-9943-409C-B2E1-3C2C6569FA51}.Release|Any CPU.ActiveCfg = Release|Any CPU
		{C8E748AF-9943-409C-B2E1-3C2C6569FA51}.Release|Any CPU.Build.0 = Release|Any CPU
		{904F0983-E113-40A9-9C38-39AED07400F2}.Debug|Any CPU.ActiveCfg = Debug|Any CPU
		{904F0983-E113-40A9-9C38-39AED07400F2}.Debug|Any CPU.Build.0 = Debug|Any CPU
		{904F0983-E113-40A9-9C38-39AED07400F2}.Release|Any CPU.ActiveCfg = Release|Any CPU
		{904F0983-E113-40A9-9C38-39AED07400F2}.Release|Any CPU.Build.0 = Release|Any CPU
		{B4FABC8F-FCEA-44C3-B62E-1C7AD3B01649}.Debug|Any CPU.ActiveCfg = Debug|Any CPU
		{B4FABC8F-FCEA-44C3-B62E-1C7AD3B01649}.Debug|Any CPU.Build.0 = Debug|Any CPU
		{B4FABC8F-FCEA-44C3-B62E-1C7AD3B01649}.Release|Any CPU.ActiveCfg = Release|Any CPU
		{B4FABC8F-FCEA-44C3-B62E-1C7AD3B01649}.Release|Any CPU.Build.0 = Release|Any CPU
		{1E7D5BA0-CFBF-4781-9CEC-DAEECDC76260}.Debug|Any CPU.ActiveCfg = Debug|Any CPU
		{1E7D5BA0-CFBF-4781-9CEC-DAEECDC76260}.Debug|Any CPU.Build.0 = Debug|Any CPU
		{1E7D5BA0-CFBF-4781-9CEC-DAEECDC76260}.Release|Any CPU.ActiveCfg = Release|Any CPU
		{1E7D5BA0-CFBF-4781-9CEC-DAEECDC76260}.Release|Any CPU.Build.0 = Release|Any CPU
		{55364210-E95C-4E53-B252-487054839007}.Debug|Any CPU.ActiveCfg = Debug|Any CPU
		{55364210-E95C-4E53-B252-487054839007}.Debug|Any CPU.Build.0 = Debug|Any CPU
		{55364210-E95C-4E53-B252-487054839007}.Release|Any CPU.ActiveCfg = Release|Any CPU
		{55364210-E95C-4E53-B252-487054839007}.Release|Any CPU.Build.0 = Release|Any CPU
		{EF8E6A2C-4519-424C-AADA-1EDFF50FBB30}.Debug|Any CPU.ActiveCfg = Debug|Any CPU
		{EF8E6A2C-4519-424C-AADA-1EDFF50FBB30}.Debug|Any CPU.Build.0 = Debug|Any CPU
		{EF8E6A2C-4519-424C-AADA-1EDFF50FBB30}.Release|Any CPU.ActiveCfg = Release|Any CPU
		{EF8E6A2C-4519-424C-AADA-1EDFF50FBB30}.Release|Any CPU.Build.0 = Release|Any CPU
		{F25A5CCC-75FA-4708-85C2-6F20C86AA510}.Debug|Any CPU.ActiveCfg = Debug|Any CPU
		{F25A5CCC-75FA-4708-85C2-6F20C86AA510}.Debug|Any CPU.Build.0 = Debug|Any CPU
		{F25A5CCC-75FA-4708-85C2-6F20C86AA510}.Release|Any CPU.ActiveCfg = Release|Any CPU
		{F25A5CCC-75FA-4708-85C2-6F20C86AA510}.Release|Any CPU.Build.0 = Release|Any CPU
	EndGlobalSection
	GlobalSection(SolutionProperties) = preSolution
		HideSolutionNode = FALSE
	EndGlobalSection
	GlobalSection(ExtensibilityGlobals) = postSolution
		SolutionGuid = {C44D2F38-0BAE-456C-911F-2D87D1203D18}
	EndGlobalSection
EndGlobal
